
Microsoft Visual Studio Solution File, Format Version 12.00
# Visual Studio Version 16
VisualStudioVersion = 16.0.30114.105
MinimumVisualStudioVersion = 10.0.40219.1
Project("{FAE04EC0-301F-11D3-BF4B-00C04F79EFBC}") = "XF4SD_MasterDetail.UWP", "XF4SD_MasterDetail\XF4SD_MasterDetail.UWP\XF4SD_MasterDetail.UWP.csproj", "{82A655F5-26B1-4F23-B4C5-F7BBDD08D1A1}"
EndProject
Project("{FAE04EC0-301F-11D3-BF4B-00C04F79EFBC}") = "XF4SD_MasterDetail.Android", "XF4SD_MasterDetail\XF4SD_MasterDetail.Android\XF4SD_MasterDetail.Android.csproj", "{464BAD06-E4C1-4BFD-A431-E95AA9AB3C16}"
EndProject
Project("{FAE04EC0-301F-11D3-BF4B-00C04F79EFBC}") = "XF4SD_MasterDetail.iOS", "XF4SD_MasterDetail\XF4SD_MasterDetail.iOS\XF4SD_MasterDetail.iOS.csproj", "{9F143A45-5D06-4D9D-B32A-C2424CA34815}"
EndProject
Project("{FAE04EC0-301F-11D3-BF4B-00C04F79EFBC}") = "XF4SD_MasterDetail", "XF4SD_MasterDetail\XF4SD_MasterDetail\XF4SD_MasterDetail.csproj", "{A394358A-754D-421B-8F6D-89D8ACD2B5C8}"
EndProject
Global
	GlobalSection(SolutionConfigurationPlatforms) = preSolution
		Debug|Any CPU = Debug|Any CPU
		Debug|ARM = Debug|ARM
		Debug|iPhone = Debug|iPhone
		Debug|iPhoneSimulator = Debug|iPhoneSimulator
		Debug|x64 = Debug|x64
		Debug|x86 = Debug|x86
		Release|Any CPU = Release|Any CPU
		Release|ARM = Release|ARM
		Release|iPhone = Release|iPhone
		Release|iPhoneSimulator = Release|iPhoneSimulator
		Release|x64 = Release|x64
		Release|x86 = Release|x86
	EndGlobalSection
	GlobalSection(ProjectConfigurationPlatforms) = postSolution
		{82A655F5-26B1-4F23-B4C5-F7BBDD08D1A1}.Debug|Any CPU.ActiveCfg = Debug|x86
		{82A655F5-26B1-4F23-B4C5-F7BBDD08D1A1}.Debug|Any CPU.Build.0 = Debug|x86
		{82A655F5-26B1-4F23-B4C5-F7BBDD08D1A1}.Debug|Any CPU.Deploy.0 = Debug|x86
		{82A655F5-26B1-4F23-B4C5-F7BBDD08D1A1}.Debug|ARM.ActiveCfg = Debug|ARM
		{82A655F5-26B1-4F23-B4C5-F7BBDD08D1A1}.Debug|ARM.Build.0 = Debug|ARM
		{82A655F5-26B1-4F23-B4C5-F7BBDD08D1A1}.Debug|ARM.Deploy.0 = Debug|ARM
		{82A655F5-26B1-4F23-B4C5-F7BBDD08D1A1}.Debug|iPhone.ActiveCfg = Debug|x86
		{82A655F5-26B1-4F23-B4C5-F7BBDD08D1A1}.Debug|iPhone.Build.0 = Debug|x86
		{82A655F5-26B1-4F23-B4C5-F7BBDD08D1A1}.Debug|iPhone.Deploy.0 = Debug|x86
		{82A655F5-26B1-4F23-B4C5-F7BBDD08D1A1}.Debug|iPhoneSimulator.ActiveCfg = Debug|x86
		{82A655F5-26B1-4F23-B4C5-F7BBDD08D1A1}.Debug|iPhoneSimulator.Build.0 = Debug|x86
		{82A655F5-26B1-4F23-B4C5-F7BBDD08D1A1}.Debug|iPhoneSimulator.Deploy.0 = Debug|x86
		{82A655F5-26B1-4F23-B4C5-F7BBDD08D1A1}.Debug|x64.ActiveCfg = Debug|x64
		{82A655F5-26B1-4F23-B4C5-F7BBDD08D1A1}.Debug|x64.Build.0 = Debug|x64
		{82A655F5-26B1-4F23-B4C5-F7BBDD08D1A1}.Debug|x64.Deploy.0 = Debug|x64
		{82A655F5-26B1-4F23-B4C5-F7BBDD08D1A1}.Debug|x86.ActiveCfg = Debug|x86
		{82A655F5-26B1-4F23-B4C5-F7BBDD08D1A1}.Debug|x86.Build.0 = Debug|x86
		{82A655F5-26B1-4F23-B4C5-F7BBDD08D1A1}.Debug|x86.Deploy.0 = Debug|x86
		{82A655F5-26B1-4F23-B4C5-F7BBDD08D1A1}.Release|Any CPU.ActiveCfg = Release|x86
		{82A655F5-26B1-4F23-B4C5-F7BBDD08D1A1}.Release|Any CPU.Build.0 = Release|x86
		{82A655F5-26B1-4F23-B4C5-F7BBDD08D1A1}.Release|Any CPU.Deploy.0 = Release|x86
		{82A655F5-26B1-4F23-B4C5-F7BBDD08D1A1}.Release|ARM.ActiveCfg = Release|ARM
		{82A655F5-26B1-4F23-B4C5-F7BBDD08D1A1}.Release|ARM.Build.0 = Release|ARM
		{82A655F5-26B1-4F23-B4C5-F7BBDD08D1A1}.Release|ARM.Deploy.0 = Release|ARM
		{82A655F5-26B1-4F23-B4C5-F7BBDD08D1A1}.Release|iPhone.ActiveCfg = Release|x86
		{82A655F5-26B1-4F23-B4C5-F7BBDD08D1A1}.Release|iPhone.Build.0 = Release|x86
		{82A655F5-26B1-4F23-B4C5-F7BBDD08D1A1}.Release|iPhone.Deploy.0 = Release|x86
		{82A655F5-26B1-4F23-B4C5-F7BBDD08D1A1}.Release|iPhoneSimulator.ActiveCfg = Release|x86
		{82A655F5-26B1-4F23-B4C5-F7BBDD08D1A1}.Release|iPhoneSimulator.Build.0 = Release|x86
		{82A655F5-26B1-4F23-B4C5-F7BBDD08D1A1}.Release|iPhoneSimulator.Deploy.0 = Release|x86
		{82A655F5-26B1-4F23-B4C5-F7BBDD08D1A1}.Release|x64.ActiveCfg = Release|x64
		{82A655F5-26B1-4F23-B4C5-F7BBDD08D1A1}.Release|x64.Build.0 = Release|x64
		{82A655F5-26B1-4F23-B4C5-F7BBDD08D1A1}.Release|x64.Deploy.0 = Release|x64
		{82A655F5-26B1-4F23-B4C5-F7BBDD08D1A1}.Release|x86.ActiveCfg = Release|x86
		{82A655F5-26B1-4F23-B4C5-F7BBDD08D1A1}.Release|x86.Build.0 = Release|x86
		{82A655F5-26B1-4F23-B4C5-F7BBDD08D1A1}.Release|x86.Deploy.0 = Release|x86
		{464BAD06-E4C1-4BFD-A431-E95AA9AB3C16}.Debug|Any CPU.ActiveCfg = Debug|Any CPU
		{464BAD06-E4C1-4BFD-A431-E95AA9AB3C16}.Debug|Any CPU.Build.0 = Debug|Any CPU
		{464BAD06-E4C1-4BFD-A431-E95AA9AB3C16}.Debug|Any CPU.Deploy.0 = Debug|Any CPU
		{464BAD06-E4C1-4BFD-A431-E95AA9AB3C16}.Debug|ARM.ActiveCfg = Debug|Any CPU
		{464BAD06-E4C1-4BFD-A431-E95AA9AB3C16}.Debug|ARM.Build.0 = Debug|Any CPU
		{464BAD06-E4C1-4BFD-A431-E95AA9AB3C16}.Debug|ARM.Deploy.0 = Debug|Any CPU
		{464BAD06-E4C1-4BFD-A431-E95AA9AB3C16}.Debug|iPhone.ActiveCfg = Debug|Any CPU
		{464BAD06-E4C1-4BFD-A431-E95AA9AB3C16}.Debug|iPhone.Build.0 = Debug|Any CPU
		{464BAD06-E4C1-4BFD-A431-E95AA9AB3C16}.Debug|iPhone.Deploy.0 = Debug|Any CPU
		{464BAD06-E4C1-4BFD-A431-E95AA9AB3C16}.Debug|iPhoneSimulator.ActiveCfg = Debug|Any CPU
		{464BAD06-E4C1-4BFD-A431-E95AA9AB3C16}.Debug|iPhoneSimulator.Build.0 = Debug|Any CPU
		{464BAD06-E4C1-4BFD-A431-E95AA9AB3C16}.Debug|iPhoneSimulator.Deploy.0 = Debug|Any CPU
		{464BAD06-E4C1-4BFD-A431-E95AA9AB3C16}.Debug|x64.ActiveCfg = Debug|Any CPU
		{464BAD06-E4C1-4BFD-A431-E95AA9AB3C16}.Debug|x64.Build.0 = Debug|Any CPU
		{464BAD06-E4C1-4BFD-A431-E95AA9AB3C16}.Debug|x64.Deploy.0 = Debug|Any CPU
		{464BAD06-E4C1-4BFD-A431-E95AA9AB3C16}.Debug|x86.ActiveCfg = Debug|Any CPU
		{464BAD06-E4C1-4BFD-A431-E95AA9AB3C16}.Debug|x86.Build.0 = Debug|Any CPU
		{464BAD06-E4C1-4BFD-A431-E95AA9AB3C16}.Debug|x86.Deploy.0 = Debug|Any CPU
		{464BAD06-E4C1-4BFD-A431-E95AA9AB3C16}.Release|Any CPU.ActiveCfg = Release|Any CPU
		{464BAD06-E4C1-4BFD-A431-E95AA9AB3C16}.Release|Any CPU.Build.0 = Release|Any CPU
		{464BAD06-E4C1-4BFD-A431-E95AA9AB3C16}.Release|Any CPU.Deploy.0 = Release|Any CPU
		{464BAD06-E4C1-4BFD-A431-E95AA9AB3C16}.Release|ARM.ActiveCfg = Release|Any CPU
		{464BAD06-E4C1-4BFD-A431-E95AA9AB3C16}.Release|ARM.Build.0 = Release|Any CPU
		{464BAD06-E4C1-4BFD-A431-E95AA9AB3C16}.Release|ARM.Deploy.0 = Release|Any CPU
		{464BAD06-E4C1-4BFD-A431-E95AA9AB3C16}.Release|iPhone.ActiveCfg = Release|Any CPU
		{464BAD06-E4C1-4BFD-A431-E95AA9AB3C16}.Release|iPhone.Build.0 = Release|Any CPU
		{464BAD06-E4C1-4BFD-A431-E95AA9AB3C16}.Release|iPhone.Deploy.0 = Release|Any CPU
		{464BAD06-E4C1-4BFD-A431-E95AA9AB3C16}.Release|iPhoneSimulator.ActiveCfg = Release|Any CPU
		{464BAD06-E4C1-4BFD-A431-E95AA9AB3C16}.Release|iPhoneSimulator.Build.0 = Release|Any CPU
		{464BAD06-E4C1-4BFD-A431-E95AA9AB3C16}.Release|iPhoneSimulator.Deploy.0 = Release|Any CPU
		{464BAD06-E4C1-4BFD-A431-E95AA9AB3C16}.Release|x64.ActiveCfg = Release|Any CPU
		{464BAD06-E4C1-4BFD-A431-E95AA9AB3C16}.Release|x64.Build.0 = Release|Any CPU
		{464BAD06-E4C1-4BFD-A431-E95AA9AB3C16}.Release|x64.Deploy.0 = Release|Any CPU
		{464BAD06-E4C1-4BFD-A431-E95AA9AB3C16}.Release|x86.ActiveCfg = Release|Any CPU
		{464BAD06-E4C1-4BFD-A431-E95AA9AB3C16}.Release|x86.Build.0 = Release|Any CPU
		{464BAD06-E4C1-4BFD-A431-E95AA9AB3C16}.Release|x86.Deploy.0 = Release|Any CPU
		{9F143A45-5D06-4D9D-B32A-C2424CA34815}.Debug|Any CPU.ActiveCfg = Debug|iPhone
		{9F143A45-5D06-4D9D-B32A-C2424CA34815}.Debug|Any CPU.Build.0 = Debug|iPhone
		{9F143A45-5D06-4D9D-B32A-C2424CA34815}.Debug|Any CPU.Deploy.0 = Debug|iPhone
		{9F143A45-5D06-4D9D-B32A-C2424CA34815}.Debug|ARM.ActiveCfg = Debug|iPhone
		{9F143A45-5D06-4D9D-B32A-C2424CA34815}.Debug|ARM.Build.0 = Debug|iPhone
		{9F143A45-5D06-4D9D-B32A-C2424CA34815}.Debug|ARM.Deploy.0 = Debug|iPhone
		{9F143A45-5D06-4D9D-B32A-C2424CA34815}.Debug|iPhone.ActiveCfg = Debug|iPhone
		{9F143A45-5D06-4D9D-B32A-C2424CA34815}.Debug|iPhone.Build.0 = Debug|iPhone
		{9F143A45-5D06-4D9D-B32A-C2424CA34815}.Debug|iPhone.Deploy.0 = Debug|iPhone
		{9F143A45-5D06-4D9D-B32A-C2424CA34815}.Debug|iPhoneSimulator.ActiveCfg = Debug|iPhoneSimulator
		{9F143A45-5D06-4D9D-B32A-C2424CA34815}.Debug|iPhoneSimulator.Build.0 = Debug|iPhoneSimulator
		{9F143A45-5D06-4D9D-B32A-C2424CA34815}.Debug|iPhoneSimulator.Deploy.0 = Debug|iPhoneSimulator
		{9F143A45-5D06-4D9D-B32A-C2424CA34815}.Debug|x64.ActiveCfg = Debug|iPhone
		{9F143A45-5D06-4D9D-B32A-C2424CA34815}.Debug|x64.Build.0 = Debug|iPhone
		{9F143A45-5D06-4D9D-B32A-C2424CA34815}.Debug|x64.Deploy.0 = Debug|iPhone
		{9F143A45-5D06-4D9D-B32A-C2424CA34815}.Debug|x86.ActiveCfg = Debug|iPhone
		{9F143A45-5D06-4D9D-B32A-C2424CA34815}.Debug|x86.Build.0 = Debug|iPhone
		{9F143A45-5D06-4D9D-B32A-C2424CA34815}.Debug|x86.Deploy.0 = Debug|iPhone
		{9F143A45-5D06-4D9D-B32A-C2424CA34815}.Release|Any CPU.ActiveCfg = Release|iPhone
		{9F143A45-5D06-4D9D-B32A-C2424CA34815}.Release|Any CPU.Build.0 = Release|iPhone
		{9F143A45-5D06-4D9D-B32A-C2424CA34815}.Release|Any CPU.Deploy.0 = Release|iPhone
		{9F143A45-5D06-4D9D-B32A-C2424CA34815}.Release|ARM.ActiveCfg = Release|iPhone
		{9F143A45-5D06-4D9D-B32A-C2424CA34815}.Release|ARM.Build.0 = Release|iPhone
		{9F143A45-5D06-4D9D-B32A-C2424CA34815}.Release|ARM.Deploy.0 = Release|iPhone
		{9F143A45-5D06-4D9D-B32A-C2424CA34815}.Release|iPhone.ActiveCfg = Release|iPhone
		{9F143A45-5D06-4D9D-B32A-C2424CA34815}.Release|iPhone.Build.0 = Release|iPhone
		{9F143A45-5D06-4D9D-B32A-C2424CA34815}.Release|iPhone.Deploy.0 = Release|iPhone
		{9F143A45-5D06-4D9D-B32A-C2424CA34815}.Release|iPhoneSimulator.ActiveCfg = Release|iPhoneSimulator
		{9F143A45-5D06-4D9D-B32A-C2424CA34815}.Release|iPhoneSimulator.Build.0 = Release|iPhoneSimulator
		{9F143A45-5D06-4D9D-B32A-C2424CA34815}.Release|iPhoneSimulator.Deploy.0 = Release|iPhoneSimulator
		{9F143A45-5D06-4D9D-B32A-C2424CA34815}.Release|x64.ActiveCfg = Release|iPhone
		{9F143A45-5D06-4D9D-B32A-C2424CA34815}.Release|x64.Build.0 = Release|iPhone
		{9F143A45-5D06-4D9D-B32A-C2424CA34815}.Release|x64.Deploy.0 = Release|iPhone
		{9F143A45-5D06-4D9D-B32A-C2424CA34815}.Release|x86.ActiveCfg = Release|iPhone
		{9F143A45-5D06-4D9D-B32A-C2424CA34815}.Release|x86.Build.0 = Release|iPhone
		{9F143A45-5D06-4D9D-B32A-C2424CA34815}.Release|x86.Deploy.0 = Release|iPhone
		{A394358A-754D-421B-8F6D-89D8ACD2B5C8}.Debug|Any CPU.ActiveCfg = Debug|Any CPU
		{A394358A-754D-421B-8F6D-89D8ACD2B5C8}.Debug|Any CPU.Build.0 = Debug|Any CPU
		{A394358A-754D-421B-8F6D-89D8ACD2B5C8}.Debug|Any CPU.Deploy.0 = Debug|Any CPU
		{A394358A-754D-421B-8F6D-89D8ACD2B5C8}.Debug|ARM.ActiveCfg = Debug|Any CPU
		{A394358A-754D-421B-8F6D-89D8ACD2B5C8}.Debug|ARM.Build.0 = Debug|Any CPU
		{A394358A-754D-421B-8F6D-89D8ACD2B5C8}.Debug|ARM.Deploy.0 = Debug|Any CPU
		{A394358A-754D-421B-8F6D-89D8ACD2B5C8}.Debug|iPhone.ActiveCfg = Debug|Any CPU
		{A394358A-754D-421B-8F6D-89D8ACD2B5C8}.Debug|iPhone.Build.0 = Debug|Any CPU
		{A394358A-754D-421B-8F6D-89D8ACD2B5C8}.Debug|iPhone.Deploy.0 = Debug|Any CPU
		{A394358A-754D-421B-8F6D-89D8ACD2B5C8}.Debug|iPhoneSimulator.ActiveCfg = Debug|Any CPU
		{A394358A-754D-421B-8F6D-89D8ACD2B5C8}.Debug|iPhoneSimulator.Build.0 = Debug|Any CPU
		{A394358A-754D-421B-8F6D-89D8ACD2B5C8}.Debug|iPhoneSimulator.Deploy.0 = Debug|Any CPU
		{A394358A-754D-421B-8F6D-89D8ACD2B5C8}.Debug|x64.ActiveCfg = Debug|Any CPU
		{A394358A-754D-421B-8F6D-89D8ACD2B5C8}.Debug|x64.Build.0 = Debug|Any CPU
		{A394358A-754D-421B-8F6D-89D8ACD2B5C8}.Debug|x64.Deploy.0 = Debug|Any CPU
		{A394358A-754D-421B-8F6D-89D8ACD2B5C8}.Debug|x86.ActiveCfg = Debug|Any CPU
		{A394358A-754D-421B-8F6D-89D8ACD2B5C8}.Debug|x86.Build.0 = Debug|Any CPU
		{A394358A-754D-421B-8F6D-89D8ACD2B5C8}.Debug|x86.Deploy.0 = Debug|Any CPU
		{A394358A-754D-421B-8F6D-89D8ACD2B5C8}.Release|Any CPU.ActiveCfg = Release|Any CPU
		{A394358A-754D-421B-8F6D-89D8ACD2B5C8}.Release|Any CPU.Build.0 = Release|Any CPU
		{A394358A-754D-421B-8F6D-89D8ACD2B5C8}.Release|Any CPU.Deploy.0 = Release|Any CPU
		{A394358A-754D-421B-8F6D-89D8ACD2B5C8}.Release|ARM.ActiveCfg = Release|Any CPU
		{A394358A-754D-421B-8F6D-89D8ACD2B5C8}.Release|ARM.Build.0 = Release|Any CPU
		{A394358A-754D-421B-8F6D-89D8ACD2B5C8}.Release|ARM.Deploy.0 = Release|Any CPU
		{A394358A-754D-421B-8F6D-89D8ACD2B5C8}.Release|iPhone.ActiveCfg = Release|Any CPU
		{A394358A-754D-421B-8F6D-89D8ACD2B5C8}.Release|iPhone.Build.0 = Release|Any CPU
		{A394358A-754D-421B-8F6D-89D8ACD2B5C8}.Release|iPhone.Deploy.0 = Release|Any CPU
		{A394358A-754D-421B-8F6D-89D8ACD2B5C8}.Release|iPhoneSimulator.ActiveCfg = Release|Any CPU
		{A394358A-754D-421B-8F6D-89D8ACD2B5C8}.Release|iPhoneSimulator.Build.0 = Release|Any CPU
		{A394358A-754D-421B-8F6D-89D8ACD2B5C8}.Release|iPhoneSimulator.Deploy.0 = Release|Any CPU
		{A394358A-754D-421B-8F6D-89D8ACD2B5C8}.Release|x64.ActiveCfg = Release|Any CPU
		{A394358A-754D-421B-8F6D-89D8ACD2B5C8}.Release|x64.Build.0 = Release|Any CPU
		{A394358A-754D-421B-8F6D-89D8ACD2B5C8}.Release|x64.Deploy.0 = Release|Any CPU
		{A394358A-754D-421B-8F6D-89D8ACD2B5C8}.Release|x86.ActiveCfg = Release|Any CPU
		{A394358A-754D-421B-8F6D-89D8ACD2B5C8}.Release|x86.Build.0 = Release|Any CPU
		{A394358A-754D-421B-8F6D-89D8ACD2B5C8}.Release|x86.Deploy.0 = Release|Any CPU
	EndGlobalSection
	GlobalSection(SolutionProperties) = preSolution
		HideSolutionNode = FALSE
	EndGlobalSection
	GlobalSection(ExtensibilityGlobals) = postSolution
		SolutionGuid = {5500295E-2B62-4403-94CC-D7D954320549}
	EndGlobalSection
EndGlobal
